
Microsoft Visual Studio Solution File, Format Version 12.00
# Visual Studio Version 17
VisualStudioVersion = 17.1.32228.430
MinimumVisualStudioVersion = 10.0.40219.1
Project("{FAE04EC0-301F-11D3-BF4B-00C04F79EFBC}") = "ValueTypes", "ValueTypes\ValueTypes.csproj", "{47F24C2B-7C76-47AF-9610-14A9BD78E63B}"
EndProject
Global
	GlobalSection(SolutionConfigurationPlatforms) = preSolution
		Debug|Any CPU = Debug|Any CPU
		Release|Any CPU = Release|Any CPU
	EndGlobalSection
	GlobalSection(ProjectConfigurationPlatforms) = postSolution
		{47F24C2B-7C76-47AF-9610-14A9BD78E63B}.Debug|Any CPU.ActiveCfg = Debug|Any CPU
		{47F24C2B-7C76-47AF-9610-14A9BD78E63B}.Debug|Any CPU.Build.0 = Debug|Any CPU
		{47F24C2B-7C76-47AF-9610-14A9BD78E63B}.Release|Any CPU.ActiveCfg = Release|Any CPU
		{47F24C2B-7C76-47AF-9610-14A9BD78E63B}.Release|Any CPU.Build.0 = Release|Any CPU
	EndGlobalSection
	GlobalSection(SolutionProperties) = preSolution
		HideSolutionNode = FALSE
	EndGlobalSection
	GlobalSection(ExtensibilityGlobals) = postSolution
		SolutionGuid = {B07A1C73-9732-4E67-A505-641FDE5E3E03}
	EndGlobalSection
EndGlobal
