
Microsoft Visual Studio Solution File, Format Version 12.00
# Visual Studio Version 17
VisualStudioVersion = 17.1.32228.430
MinimumVisualStudioVersion = 10.0.40219.1
Project("{FAE04EC0-301F-11D3-BF4B-00C04F79EFBC}") = "VisualDamageCalculator", "VisualDamageCalculator\VisualDamageCalculator.csproj", "{3697E9D7-4A84-4B1E-904D-B6422308D063}"
EndProject
Global
	GlobalSection(SolutionConfigurationPlatforms) = preSolution
		Debug|Any CPU = Debug|Any CPU
		Release|Any CPU = Release|Any CPU
	EndGlobalSection
	GlobalSection(ProjectConfigurationPlatforms) = postSolution
		{3697E9D7-4A84-4B1E-904D-B6422308D063}.Debug|Any CPU.ActiveCfg = Debug|Any CPU
		{3697E9D7-4A84-4B1E-904D-B6422308D063}.Debug|Any CPU.Build.0 = Debug|Any CPU
		{3697E9D7-4A84-4B1E-904D-B6422308D063}.Release|Any CPU.ActiveCfg = Release|Any CPU
		{3697E9D7-4A84-4B1E-904D-B6422308D063}.Release|Any CPU.Build.0 = Release|Any CPU
	EndGlobalSection
	GlobalSection(SolutionProperties) = preSolution
		HideSolutionNode = FALSE
	EndGlobalSection
	GlobalSection(ExtensibilityGlobals) = postSolution
		SolutionGuid = {40D16D01-88C8-4DE9-BF12-E1675BD2A8E6}
	EndGlobalSection
EndGlobal
